
Microsoft Visual Studio Solution File, Format Version 12.00
# Visual Studio Version 17
VisualStudioVersion = 17.9.34607.119
MinimumVisualStudioVersion = 10.0.40219.1
Project("{888888A0-9F3D-457C-B088-3A5042F75D52}") = "test_ai_chat", "test_ai_chat\test_ai_chat.pyproj", "{97096482-9B60-43AF-BCA9-D6D54C6A796E}"
EndProject
Global
	GlobalSection(SolutionConfigurationPlatforms) = preSolution
		Debug|Any CPU = Debug|Any CPU
		Release|Any CPU = Release|Any CPU
	EndGlobalSection
	GlobalSection(ProjectConfigurationPlatforms) = postSolution
		{97096482-9B60-43AF-BCA9-D6D54C6A796E}.Debug|Any CPU.ActiveCfg = Debug|Any CPU
		{97096482-9B60-43AF-BCA9-D6D54C6A796E}.Release|Any CPU.ActiveCfg = Release|Any CPU
	EndGlobalSection
	GlobalSection(SolutionProperties) = preSolution
		HideSolutionNode = FALSE
	EndGlobalSection
	GlobalSection(ExtensibilityGlobals) = postSolution
		SolutionGuid = {3F3D5ADE-E314-4E20-81D9-9DA3F0D08FD5}
	EndGlobalSection
EndGlobal
